
Microsoft Visual Studio Solution File, Format Version 12.00
# Visual Studio 15
VisualStudioVersion = 15.0.27428.2043
MinimumVisualStudioVersion = 10.0.40219.1
Project("{9A19103F-16F7-4668-BE54-9A1E7A4F7556}") = "ContosoUniversity.Core", "ContosoUniversity.Core\ContosoUniversity.Core.csproj", "{12CE4CF2-4740-481C-9442-B9D28700D26F}"
EndProject
Project("{2150E333-8FDC-42A3-9474-1A3956D46DE8}") = "src", "src", "{F1A75C3F-AA2B-45BB-84AE-5AAAFCAD48E0}"
EndProject
Project("{2150E333-8FDC-42A3-9474-1A3956D46DE8}") = "delivery", "delivery", "{6F29D770-8F31-43B7-B462-DDE95F6F4DAD}"
EndProject
Project("{2150E333-8FDC-42A3-9474-1A3956D46DE8}") = "tests", "tests", "{FE3F4D98-A6AD-4403-ACCD-73081AF549F7}"
EndProject
Project("{9A19103F-16F7-4668-BE54-9A1E7A4F7556}") = "ContosoUniversity.UnitTests", "ContosoUniversity.UnitTests\ContosoUniversity.UnitTests.csproj", "{A2CBED63-EEF8-42F6-8D6C-15EBEEE5B686}"
EndProject
Project("{9A19103F-16F7-4668-BE54-9A1E7A4F7556}") = "ContosoUniversity.IntegrationTests", "ContosoUniversity.IntegrationTests\ContosoUniversity.IntegrationTests.csproj", "{DAE36116-CCA0-4F04-9A0B-805ED1C08EE4}"
EndProject
Project("{9A19103F-16F7-4668-BE54-9A1E7A4F7556}") = "ContosoUniversity.Infrastructure", "ContosoUniversity.Infrastructure\ContosoUniversity.Infrastructure.csproj", "{3CF4BCD3-EC66-4D53-A063-C9EE14E0F083}"
EndProject
Project("{9A19103F-16F7-4668-BE54-9A1E7A4F7556}") = "ContosoUniversity.Services", "ContosoUniversity.Services\ContosoUniversity.Services.csproj", "{24BB7509-333F-4A63-B790-309AD04C3645}"
EndProject
Project("{9A19103F-16F7-4668-BE54-9A1E7A4F7556}") = "ContosoUniversity.API", "ContosoUniversity.API\ContosoUniversity.API.csproj", "{28863B06-FAF7-4944-8A89-A04121B2A15B}"
EndProject
Project("{2150E333-8FDC-42A3-9474-1A3956D46DE8}") = "Solution Items", "Solution Items", "{9632C640-13FA-4E65-A823-55F7A78AFF9A}"
	ProjectSection(SolutionItems) = preProject
		.editorconfig = .editorconfig
	EndProjectSection
EndProject
Global
	GlobalSection(SolutionConfigurationPlatforms) = preSolution
		Debug|Any CPU = Debug|Any CPU
		Release|Any CPU = Release|Any CPU
	EndGlobalSection
	GlobalSection(ProjectConfigurationPlatforms) = postSolution
		{12CE4CF2-4740-481C-9442-B9D28700D26F}.Debug|Any CPU.ActiveCfg = Debug|Any CPU
		{12CE4CF2-4740-481C-9442-B9D28700D26F}.Debug|Any CPU.Build.0 = Debug|Any CPU
		{12CE4CF2-4740-481C-9442-B9D28700D26F}.Release|Any CPU.ActiveCfg = Release|Any CPU
		{12CE4CF2-4740-481C-9442-B9D28700D26F}.Release|Any CPU.Build.0 = Release|Any CPU
		{A2CBED63-EEF8-42F6-8D6C-15EBEEE5B686}.Debug|Any CPU.ActiveCfg = Debug|Any CPU
		{A2CBED63-EEF8-42F6-8D6C-15EBEEE5B686}.Debug|Any CPU.Build.0 = Debug|Any CPU
		{A2CBED63-EEF8-42F6-8D6C-15EBEEE5B686}.Release|Any CPU.ActiveCfg = Release|Any CPU
		{A2CBED63-EEF8-42F6-8D6C-15EBEEE5B686}.Release|Any CPU.Build.0 = Release|Any CPU
		{DAE36116-CCA0-4F04-9A0B-805ED1C08EE4}.Debug|Any CPU.ActiveCfg = Debug|Any CPU
		{DAE36116-CCA0-4F04-9A0B-805ED1C08EE4}.Debug|Any CPU.Build.0 = Debug|Any CPU
		{DAE36116-CCA0-4F04-9A0B-805ED1C08EE4}.Release|Any CPU.ActiveCfg = Release|Any CPU
		{DAE36116-CCA0-4F04-9A0B-805ED1C08EE4}.Release|Any CPU.Build.0 = Release|Any CPU
		{3CF4BCD3-EC66-4D53-A063-C9EE14E0F083}.Debug|Any CPU.ActiveCfg = Debug|Any CPU
		{3CF4BCD3-EC66-4D53-A063-C9EE14E0F083}.Debug|Any CPU.Build.0 = Debug|Any CPU
		{3CF4BCD3-EC66-4D53-A063-C9EE14E0F083}.Release|Any CPU.ActiveCfg = Release|Any CPU
		{3CF4BCD3-EC66-4D53-A063-C9EE14E0F083}.Release|Any CPU.Build.0 = Release|Any CPU
		{24BB7509-333F-4A63-B790-309AD04C3645}.Debug|Any CPU.ActiveCfg = Debug|Any CPU
		{24BB7509-333F-4A63-B790-309AD04C3645}.Debug|Any CPU.Build.0 = Debug|Any CPU
		{24BB7509-333F-4A63-B790-309AD04C3645}.Release|Any CPU.ActiveCfg = Release|Any CPU
		{24BB7509-333F-4A63-B790-309AD04C3645}.Release|Any CPU.Build.0 = Release|Any CPU
		{28863B06-FAF7-4944-8A89-A04121B2A15B}.Debug|Any CPU.ActiveCfg = Debug|Any CPU
		{28863B06-FAF7-4944-8A89-A04121B2A15B}.Debug|Any CPU.Build.0 = Debug|Any CPU
		{28863B06-FAF7-4944-8A89-A04121B2A15B}.Release|Any CPU.ActiveCfg = Release|Any CPU
		{28863B06-FAF7-4944-8A89-A04121B2A15B}.Release|Any CPU.Build.0 = Release|Any CPU
	EndGlobalSection
	GlobalSection(SolutionProperties) = preSolution
		HideSolutionNode = FALSE
	EndGlobalSection
	GlobalSection(NestedProjects) = preSolution
		{12CE4CF2-4740-481C-9442-B9D28700D26F} = {F1A75C3F-AA2B-45BB-84AE-5AAAFCAD48E0}
		{6F29D770-8F31-43B7-B462-DDE95F6F4DAD} = {F1A75C3F-AA2B-45BB-84AE-5AAAFCAD48E0}
		{A2CBED63-EEF8-42F6-8D6C-15EBEEE5B686} = {FE3F4D98-A6AD-4403-ACCD-73081AF549F7}
		{DAE36116-CCA0-4F04-9A0B-805ED1C08EE4} = {FE3F4D98-A6AD-4403-ACCD-73081AF549F7}
		{3CF4BCD3-EC66-4D53-A063-C9EE14E0F083} = {F1A75C3F-AA2B-45BB-84AE-5AAAFCAD48E0}
		{24BB7509-333F-4A63-B790-309AD04C3645} = {F1A75C3F-AA2B-45BB-84AE-5AAAFCAD48E0}
		{28863B06-FAF7-4944-8A89-A04121B2A15B} = {6F29D770-8F31-43B7-B462-DDE95F6F4DAD}
	EndGlobalSection
	GlobalSection(ExtensibilityGlobals) = postSolution
		SolutionGuid = {38B3E791-F048-4788-A788-F7179352FEAA}
	EndGlobalSection
EndGlobal
